{
  "object": {
    "pins": [
      {
        "package": "CombineExpectations",
        "repositoryURL": "https://github.com/groue/CombineExpectations.git",
        "state": {
          "branch": null,
          "revision": "40d564be8decfc9a3e8acfec56a42dd845e5c420",
          "version": "0.3.0"
        }
      },
      {
        "package": "GRDB",
        "repositoryURL": "https://github.com/groue/GRDB.swift.git",
        "state": {
          "branch": null,
          "revision": "985794e7332f563e69c8cb8b65a1666a57c9abc6",
          "version": "4.7.0"
        }
      },
      {
        "package": "GRDBCombine",
        "repositoryURL": "https://github.com/groue/GRDBCombine.git",
        "state": {
          "branch": null,
          "revision": "c155a5738448490832c068427b5eec2e4b5f65e3",
          "version": "0.7.1"
        }
      },
      {
        "package": "PureSwiftUI",
        "repositoryURL": "https://github.com/CodeSlicing/pure-swift-ui.git",
        "state": {
          "branch": null,
          "revision": "10e70932519b124b27b917b6311049007f956c46",
          "version": "1.6.1"
        }
      },
      {
        "package": "SwiftUIX",
        "repositoryURL": "https://github.com/SwiftUIX/SwiftUIX",
        "state": {
          "branch": "master",
          "revision": "ff4f3e3aa1d1cd888f7eb907c48e916e3de32b93",
          "version": null
        }
      }
    ]
  },
  "version": 1
}
